// !$*UTF8*$!
{
	archiveVersion = 1;
	classes = {
	};
	objectVersion = 46;
	objects = {

/* Begin PBXBuildFile section */
		6B47676D1F905E5F008B8944 /* XmlParsingVC.m in Sources */ = {isa = PBXBuildFile; fileRef = 6B47676C1F905E5F008B8944 /* XmlParsingVC.m */; };
		6B4767701F905E80008B8944 /* TableViewCell.m in Sources */ = {isa = PBXBuildFile; fileRef = 6B47676F1F905E80008B8944 /* TableViewCell.m */; };
		6B4767771F9066B0008B8944 /* JsonParsingVC.m in Sources */ = {isa = PBXBuildFile; fileRef = 6B4767761F9066B0008B8944 /* JsonParsingVC.m */; };
		6B47677D1F9082F0008B8944 /* JsonTableViewCell.m in Sources */ = {isa = PBXBuildFile; fileRef = 6B47677C1F9082F0008B8944 /* JsonTableViewCell.m */; };
		6B4767811F90A04C008B8944 /* collectionViewVC.m in Sources */ = {isa = PBXBuildFile; fileRef = 6B4767801F90A04C008B8944 /* collectionViewVC.m */; };
		6B4767841F90A1D0008B8944 /* CollectionViewCell.m in Sources */ = {isa = PBXBuildFile; fileRef = 6B4767831F90A1D0008B8944 /* CollectionViewCell.m */; };
		6B6BA7351F8F60E6002087D8 /* TabBarVC.m in Sources */ = {isa = PBXBuildFile; fileRef = 6B6BA7341F8F60E6002087D8 /* TabBarVC.m */; };
		6B98E4641F8F6D2F00688168 /* ScrollViewVC.m in Sources */ = {isa = PBXBuildFile; fileRef = 6B98E4631F8F6D2F00688168 /* ScrollViewVC.m */; };
		6BCE24D51F8E38A400A1AA04 /* main.m in Sources */ = {isa = PBXBuildFile; fileRef = 6BCE24D41F8E38A400A1AA04 /* main.m */; };
		6BCE24D81F8E38A400A1AA04 /* AppDelegate.m in Sources */ = {isa = PBXBuildFile; fileRef = 6BCE24D71F8E38A400A1AA04 /* AppDelegate.m */; };
		6BCE24DE1F8E38A400A1AA04 /* Main.storyboard in Resources */ = {isa = PBXBuildFile; fileRef = 6BCE24DC1F8E38A400A1AA04 /* Main.storyboard */; };
		6BCE24E01F8E38A400A1AA04 /* Assets.xcassets in Resources */ = {isa = PBXBuildFile; fileRef = 6BCE24DF1F8E38A400A1AA04 /* Assets.xcassets */; };
		6BCE24E31F8E38A400A1AA04 /* LaunchScreen.storyboard in Resources */ = {isa = PBXBuildFile; fileRef = 6BCE24E11F8E38A400A1AA04 /* LaunchScreen.storyboard */; };
		6BCE24ED1F8E3BDF00A1AA04 /* MainVC.m in Sources */ = {isa = PBXBuildFile; fileRef = 6BCE24EC1F8E3BDF00A1AA04 /* MainVC.m */; };
		6BD6D68B20020A610030111E /* DefaultTableView.m in Sources */ = {isa = PBXBuildFile; fileRef = 6BD6D68920020A610030111E /* DefaultTableView.m */; };
		6BD6D68C20020A610030111E /* DefaultTableView.xib in Resources */ = {isa = PBXBuildFile; fileRef = 6BD6D68A20020A610030111E /* DefaultTableView.xib */; };
		6BD6D6912002144F0030111E /* CustomTableView.m in Sources */ = {isa = PBXBuildFile; fileRef = 6BD6D68F2002144F0030111E /* CustomTableView.m */; };
		6BD6D6922002144F0030111E /* CustomTableView.xib in Resources */ = {isa = PBXBuildFile; fileRef = 6BD6D6902002144F0030111E /* CustomTableView.xib */; };
		6BD6D6962002154C0030111E /* CustomTableViewCell.m in Sources */ = {isa = PBXBuildFile; fileRef = 6BD6D6942002154C0030111E /* CustomTableViewCell.m */; };
		6BD6D6972002154C0030111E /* CustomTableViewCell.xib in Resources */ = {isa = PBXBuildFile; fileRef = 6BD6D6952002154C0030111E /* CustomTableViewCell.xib */; };
		6BD6D69B20021B330030111E /* DetailViewController.m in Sources */ = {isa = PBXBuildFile; fileRef = 6BD6D69920021B330030111E /* DetailViewController.m */; };
		6BD6D69C20021B330030111E /* DetailViewController.xib in Resources */ = {isa = PBXBuildFile; fileRef = 6BD6D69A20021B330030111E /* DetailViewController.xib */; };
/* End PBXBuildFile section */

/* Begin PBXFileReference section */
		6B47676B1F905E5F008B8944 /* XmlParsingVC.h */ = {isa = PBXFileReference; fileEncoding = 4; lastKnownFileType = sourcecode.c.h; path = XmlParsingVC.h; sourceTree = "<group>"; };
		6B47676C1F905E5F008B8944 /* XmlParsingVC.m */ = {isa = PBXFileReference; fileEncoding = 4; lastKnownFileType = sourcecode.c.objc; path = XmlParsingVC.m; sourceTree = "<group>"; };
		6B47676E1F905E80008B8944 /* TableViewCell.h */ = {isa = PBXFileReference; fileEncoding = 4; lastKnownFileType = sourcecode.c.h; path = TableViewCell.h; sourceTree = "<group>"; };
		6B47676F1F905E80008B8944 /* TableViewCell.m */ = {isa = PBXFileReference; fileEncoding = 4; lastKnownFileType = sourcecode.c.objc; path = TableViewCell.m; sourceTree = "<group>"; };
		6B4767751F9066B0008B8944 /* JsonParsingVC.h */ = {isa = PBXFileReference; fileEncoding = 4; lastKnownFileType = sourcecode.c.h; name = JsonParsingVC.h; path = myPractice/JsonParsingVC.h; sourceTree = "<group>"; };
		6B4767761F9066B0008B8944 /* JsonParsingVC.m */ = {isa = PBXFileReference; fileEncoding = 4; lastKnownFileType = sourcecode.c.objc; name = JsonParsingVC.m; path = myPractice/JsonParsingVC.m; sourceTree = "<group>"; };
		6B47677B1F9082F0008B8944 /* JsonTableViewCell.h */ = {isa = PBXFileReference; fileEncoding = 4; lastKnownFileType = sourcecode.c.h; name = JsonTableViewCell.h; path = myPractice/JsonTableViewCell.h; sourceTree = "<group>"; };
		6B47677C1F9082F0008B8944 /* JsonTableViewCell.m */ = {isa = PBXFileReference; fileEncoding = 4; lastKnownFileType = sourcecode.c.objc; name = JsonTableViewCell.m; path = myPractice/JsonTableViewCell.m; sourceTree = "<group>"; };
		6B47677F1F90A04C008B8944 /* collectionViewVC.h */ = {isa = PBXFileReference; fileEncoding = 4; lastKnownFileType = sourcecode.c.h; path = collectionViewVC.h; sourceTree = "<group>"; };
		6B4767801F90A04C008B8944 /* collectionViewVC.m */ = {isa = PBXFileReference; fileEncoding = 4; lastKnownFileType = sourcecode.c.objc; path = collectionViewVC.m; sourceTree = "<group>"; };
		6B4767821F90A1D0008B8944 /* CollectionViewCell.h */ = {isa = PBXFileReference; fileEncoding = 4; lastKnownFileType = sourcecode.c.h; path = CollectionViewCell.h; sourceTree = "<group>"; };
		6B4767831F90A1D0008B8944 /* CollectionViewCell.m */ = {isa = PBXFileReference; fileEncoding = 4; lastKnownFileType = sourcecode.c.objc; path = CollectionViewCell.m; sourceTree = "<group>"; };
		6B6BA7331F8F60E6002087D8 /* TabBarVC.h */ = {isa = PBXFileReference; fileEncoding = 4; lastKnownFileType = sourcecode.c.h; path = TabBarVC.h; sourceTree = "<group>"; };
		6B6BA7341F8F60E6002087D8 /* TabBarVC.m */ = {isa = PBXFileReference; fileEncoding = 4; lastKnownFileType = sourcecode.c.objc; path = TabBarVC.m; sourceTree = "<group>"; };
		6B98E4621F8F6D2F00688168 /* ScrollViewVC.h */ = {isa = PBXFileReference; fileEncoding = 4; lastKnownFileType = sourcecode.c.h; path = ScrollViewVC.h; sourceTree = "<group>"; };
		6B98E4631F8F6D2F00688168 /* ScrollViewVC.m */ = {isa = PBXFileReference; fileEncoding = 4; lastKnownFileType = sourcecode.c.objc; path = ScrollViewVC.m; sourceTree = "<group>"; };
		6BCE24D01F8E38A400A1AA04 /* myPractice.app */ = {isa = PBXFileReference; explicitFileType = wrapper.application; includeInIndex = 0; path = myPractice.app; sourceTree = BUILT_PRODUCTS_DIR; };
		6BCE24D41F8E38A400A1AA04 /* main.m */ = {isa = PBXFileReference; lastKnownFileType = sourcecode.c.objc; path = main.m; sourceTree = "<group>"; };
		6BCE24D61F8E38A400A1AA04 /* AppDelegate.h */ = {isa = PBXFileReference; lastKnownFileType = sourcecode.c.h; path = AppDelegate.h; sourceTree = "<group>"; };
		6BCE24D71F8E38A400A1AA04 /* AppDelegate.m */ = {isa = PBXFileReference; lastKnownFileType = sourcecode.c.objc; path = AppDelegate.m; sourceTree = "<group>"; };
		6BCE24DD1F8E38A400A1AA04 /* Base */ = {isa = PBXFileReference; lastKnownFileType = file.storyboard; name = Base; path = Base.lproj/Main.storyboard; sourceTree = "<group>"; };
		6BCE24DF1F8E38A400A1AA04 /* Assets.xcassets */ = {isa = PBXFileReference; lastKnownFileType = folder.assetcatalog; path = Assets.xcassets; sourceTree = "<group>"; };
		6BCE24E21F8E38A400A1AA04 /* Base */ = {isa = PBXFileReference; lastKnownFileType = file.storyboard; name = Base; path = Base.lproj/LaunchScreen.storyboard; sourceTree = "<group>"; };
		6BCE24E41F8E38A400A1AA04 /* Info.plist */ = {isa = PBXFileReference; lastKnownFileType = text.plist.xml; path = Info.plist; sourceTree = "<group>"; };
		6BCE24EB1F8E3BDF00A1AA04 /* MainVC.h */ = {isa = PBXFileReference; fileEncoding = 4; lastKnownFileType = sourcecode.c.h; path = MainVC.h; sourceTree = "<group>"; };
		6BCE24EC1F8E3BDF00A1AA04 /* MainVC.m */ = {isa = PBXFileReference; fileEncoding = 4; lastKnownFileType = sourcecode.c.objc; path = MainVC.m; sourceTree = "<group>"; };
		6BD6D68820020A610030111E /* DefaultTableView.h */ = {isa = PBXFileReference; lastKnownFileType = sourcecode.c.h; path = DefaultTableView.h; sourceTree = "<group>"; };
		6BD6D68920020A610030111E /* DefaultTableView.m */ = {isa = PBXFileReference; lastKnownFileType = sourcecode.c.objc; path = DefaultTableView.m; sourceTree = "<group>"; };
		6BD6D68A20020A610030111E /* DefaultTableView.xib */ = {isa = PBXFileReference; lastKnownFileType = file.xib; path = DefaultTableView.xib; sourceTree = "<group>"; };
		6BD6D68E2002144F0030111E /* CustomTableView.h */ = {isa = PBXFileReference; lastKnownFileType = sourcecode.c.h; path = CustomTableView.h; sourceTree = "<group>"; };
		6BD6D68F2002144F0030111E /* CustomTableView.m */ = {isa = PBXFileReference; lastKnownFileType = sourcecode.c.objc; path = CustomTableView.m; sourceTree = "<group>"; };
		6BD6D6902002144F0030111E /* CustomTableView.xib */ = {isa = PBXFileReference; lastKnownFileType = file.xib; path = CustomTableView.xib; sourceTree = "<group>"; };
		6BD6D6932002154C0030111E /* CustomTableViewCell.h */ = {isa = PBXFileReference; lastKnownFileType = sourcecode.c.h; path = CustomTableViewCell.h; sourceTree = "<group>"; };
		6BD6D6942002154C0030111E /* CustomTableViewCell.m */ = {isa = PBXFileReference; lastKnownFileType = sourcecode.c.objc; path = CustomTableViewCell.m; sourceTree = "<group>"; };
		6BD6D6952002154C0030111E /* CustomTableViewCell.xib */ = {isa = PBXFileReference; lastKnownFileType = file.xib; path = CustomTableViewCell.xib; sourceTree = "<group>"; };
		6BD6D69820021B330030111E /* DetailViewController.h */ = {isa = PBXFileReference; lastKnownFileType = sourcecode.c.h; path = DetailViewController.h; sourceTree = "<group>"; };
		6BD6D69920021B330030111E /* DetailViewController.m */ = {isa = PBXFileReference; lastKnownFileType = sourcecode.c.objc; path = DetailViewController.m; sourceTree = "<group>"; };
		6BD6D69A20021B330030111E /* DetailViewController.xib */ = {isa = PBXFileReference; lastKnownFileType = file.xib; path = DetailViewController.xib; sourceTree = "<group>"; };
/* End PBXFileReference section */

/* Begin PBXFrameworksBuildPhase section */
		6BCE24CD1F8E38A400A1AA04 /* Frameworks */ = {
			isa = PBXFrameworksBuildPhase;
			buildActionMask = 2147483647;
			files = (
			);
			runOnlyForDeploymentPostprocessing = 0;
		};
/* End PBXFrameworksBuildPhase section */

/* Begin PBXGroup section */
		6B47676A1F905D7A008B8944 /* XmlParsing */ = {
			isa = PBXGroup;
			children = (
				6B47676B1F905E5F008B8944 /* XmlParsingVC.h */,
				6B47676C1F905E5F008B8944 /* XmlParsingVC.m */,
				6B47676E1F905E80008B8944 /* TableViewCell.h */,
				6B47676F1F905E80008B8944 /* TableViewCell.m */,
			);
			name = XmlParsing;
			sourceTree = "<group>";
		};
		6B4767711F90664D008B8944 /* JsonParsing */ = {
			isa = PBXGroup;
			children = (
				6B4767751F9066B0008B8944 /* JsonParsingVC.h */,
				6B4767761F9066B0008B8944 /* JsonParsingVC.m */,
				6B47677B1F9082F0008B8944 /* JsonTableViewCell.h */,
				6B47677C1F9082F0008B8944 /* JsonTableViewCell.m */,
			);
			name = JsonParsing;
			path = ..;
			sourceTree = "<group>";
		};
		6B47677E1F909F6C008B8944 /* CollectionView */ = {
			isa = PBXGroup;
			children = (
				6B47677F1F90A04C008B8944 /* collectionViewVC.h */,
				6B4767801F90A04C008B8944 /* collectionViewVC.m */,
				6B4767821F90A1D0008B8944 /* CollectionViewCell.h */,
				6B4767831F90A1D0008B8944 /* CollectionViewCell.m */,
			);
			name = CollectionView;
			sourceTree = "<group>";
		};
		6B6BA7361F8F60EB002087D8 /* TabBar */ = {
			isa = PBXGroup;
			children = (
				6B6BA7331F8F60E6002087D8 /* TabBarVC.h */,
				6B6BA7341F8F60E6002087D8 /* TabBarVC.m */,
			);
			name = TabBar;
			sourceTree = "<group>";
		};
		6B98E4611F8F6CD400688168 /* ScrollView */ = {
			isa = PBXGroup;
			children = (
				6B98E4621F8F6D2F00688168 /* ScrollViewVC.h */,
				6B98E4631F8F6D2F00688168 /* ScrollViewVC.m */,
			);
			name = ScrollView;
			sourceTree = "<group>";
		};
		6BCE24C71F8E38A400A1AA04 = {
			isa = PBXGroup;
			children = (
				6BCE24D21F8E38A400A1AA04 /* myPractice */,
				6BCE24D11F8E38A400A1AA04 /* Products */,
			);
			sourceTree = "<group>";
		};
		6BCE24D11F8E38A400A1AA04 /* Products */ = {
			isa = PBXGroup;
			children = (
				6BCE24D01F8E38A400A1AA04 /* myPractice.app */,
			);
			name = Products;
			sourceTree = "<group>";
		};
		6BCE24D21F8E38A400A1AA04 /* myPractice */ = {
			isa = PBXGroup;
			children = (
				6BD6D68D200214390030111E /* CustomTableView */,
				6BD6D68720020A4B0030111E /* DefaultTableView */,
				6BCE24EB1F8E3BDF00A1AA04 /* MainVC.h */,
				6BCE24EC1F8E3BDF00A1AA04 /* MainVC.m */,
				6BCE24D61F8E38A400A1AA04 /* AppDelegate.h */,
				6BCE24D71F8E38A400A1AA04 /* AppDelegate.m */,
				6BCE24DC1F8E38A400A1AA04 /* Main.storyboard */,
				6BCE24E11F8E38A400A1AA04 /* LaunchScreen.storyboard */,
				6BCE24DF1F8E38A400A1AA04 /* Assets.xcassets */,
				6BCE24E41F8E38A400A1AA04 /* Info.plist */,
				6B6BA7361F8F60EB002087D8 /* TabBar */,
				6B98E4611F8F6CD400688168 /* ScrollView */,
				6B47676A1F905D7A008B8944 /* XmlParsing */,
				6B4767711F90664D008B8944 /* JsonParsing */,
				6B47677E1F909F6C008B8944 /* CollectionView */,
				6BCE24D31F8E38A400A1AA04 /* Supporting Files */,
			);
			path = myPractice;
			sourceTree = "<group>";
		};
		6BCE24D31F8E38A400A1AA04 /* Supporting Files */ = {
			isa = PBXGroup;
			children = (
				6BCE24D41F8E38A400A1AA04 /* main.m */,
			);
			name = "Supporting Files";
			sourceTree = "<group>";
		};
		6BD6D68720020A4B0030111E /* DefaultTableView */ = {
			isa = PBXGroup;
			children = (
				6BD6D68820020A610030111E /* DefaultTableView.h */,
				6BD6D68920020A610030111E /* DefaultTableView.m */,
				6BD6D68A20020A610030111E /* DefaultTableView.xib */,
			);
			path = DefaultTableView;
			sourceTree = "<group>";
		};
		6BD6D68D200214390030111E /* CustomTableView */ = {
			isa = PBXGroup;
			children = (
				6BD6D68E2002144F0030111E /* CustomTableView.h */,
				6BD6D68F2002144F0030111E /* CustomTableView.m */,
				6BD6D6902002144F0030111E /* CustomTableView.xib */,
				6BD6D6932002154C0030111E /* CustomTableViewCell.h */,
				6BD6D6942002154C0030111E /* CustomTableViewCell.m */,
				6BD6D6952002154C0030111E /* CustomTableViewCell.xib */,
				6BD6D69820021B330030111E /* DetailViewController.h */,
				6BD6D69920021B330030111E /* DetailViewController.m */,
				6BD6D69A20021B330030111E /* DetailViewController.xib */,
			);
			path = CustomTableView;
			sourceTree = "<group>";
		};
/* End PBXGroup section */

/* Begin PBXNativeTarget section */
		6BCE24CF1F8E38A400A1AA04 /* myPractice */ = {
			isa = PBXNativeTarget;
			buildConfigurationList = 6BCE24E71F8E38A400A1AA04 /* Build configuration list for PBXNativeTarget "myPractice" */;
			buildPhases = (
				6BCE24CC1F8E38A400A1AA04 /* Sources */,
				6BCE24CD1F8E38A400A1AA04 /* Frameworks */,
				6BCE24CE1F8E38A400A1AA04 /* Resources */,
			);
			buildRules = (
			);
			dependencies = (
			);
			name = myPractice;
			productName = myPractice;
			productReference = 6BCE24D01F8E38A400A1AA04 /* myPractice.app */;
			productType = "com.apple.product-type.application";
		};
/* End PBXNativeTarget section */

/* Begin PBXProject section */
		6BCE24C81F8E38A400A1AA04 /* Project object */ = {
			isa = PBXProject;
			attributes = {
				LastUpgradeCheck = 0830;
				ORGANIZATIONNAME = "이재홍";
				TargetAttributes = {
					6BCE24CF1F8E38A400A1AA04 = {
						CreatedOnToolsVersion = 8.3.3;
						ProvisioningStyle = Automatic;
					};
				};
			};
			buildConfigurationList = 6BCE24CB1F8E38A400A1AA04 /* Build configuration list for PBXProject "myPractice" */;
			compatibilityVersion = "Xcode 3.2";
			developmentRegion = English;
			hasScannedForEncodings = 0;
			knownRegions = (
				en,
				Base,
			);
			mainGroup = 6BCE24C71F8E38A400A1AA04;
			productRefGroup = 6BCE24D11F8E38A400A1AA04 /* Products */;
			projectDirPath = "";
			projectRoot = "";
			targets = (
				6BCE24CF1F8E38A400A1AA04 /* myPractice */,
			);
		};
/* End PBXProject section */

/* Begin PBXResourcesBuildPhase section */
		6BCE24CE1F8E38A400A1AA04 /* Resources */ = {
			isa = PBXResourcesBuildPhase;
			buildActionMask = 2147483647;
			files = (
				6BCE24E31F8E38A400A1AA04 /* LaunchScreen.storyboard in Resources */,
				6BD6D68C20020A610030111E /* DefaultTableView.xib in Resources */,
				6BD6D69C20021B330030111E /* DetailViewController.xib in Resources */,
				6BD6D6972002154C0030111E /* CustomTableViewCell.xib in Resources */,
				6BCE24E01F8E38A400A1AA04 /* Assets.xcassets in Resources */,
				6BD6D6922002144F0030111E /* CustomTableView.xib in Resources */,
				6BCE24DE1F8E38A400A1AA04 /* Main.storyboard in Resources */,
			);
			runOnlyForDeploymentPostprocessing = 0;
		};
/* End PBXResourcesBuildPhase section */

/* Begin PBXSourcesBuildPhase section */
		6BCE24CC1F8E38A400A1AA04 /* Sources */ = {
			isa = PBXSourcesBuildPhase;
			buildActionMask = 2147483647;
			files = (
				6BD6D6962002154C0030111E /* CustomTableViewCell.m in Sources */,
				6B4767771F9066B0008B8944 /* JsonParsingVC.m in Sources */,
				6B47677D1F9082F0008B8944 /* JsonTableViewCell.m in Sources */,
				6B6BA7351F8F60E6002087D8 /* TabBarVC.m in Sources */,
				6B47676D1F905E5F008B8944 /* XmlParsingVC.m in Sources */,
				6B4767841F90A1D0008B8944 /* CollectionViewCell.m in Sources */,
				6BCE24ED1F8E3BDF00A1AA04 /* MainVC.m in Sources */,
				6B98E4641F8F6D2F00688168 /* ScrollViewVC.m in Sources */,
				6BD6D69B20021B330030111E /* DetailViewController.m in Sources */,
				6BD6D6912002144F0030111E /* CustomTableView.m in Sources */,
				6BD6D68B20020A610030111E /* DefaultTableView.m in Sources */,
				6BCE24D81F8E38A400A1AA04 /* AppDelegate.m in Sources */,
				6B4767811F90A04C008B8944 /* collectionViewVC.m in Sources */,
				6B4767701F905E80008B8944 /* TableViewCell.m in Sources */,
				6BCE24D51F8E38A400A1AA04 /* main.m in Sources */,
			);
			runOnlyForDeploymentPostprocessing = 0;
		};
/* End PBXSourcesBuildPhase section */

/* Begin PBXVariantGroup section */
		6BCE24DC1F8E38A400A1AA04 /* Main.storyboard */ = {
			isa = PBXVariantGroup;
			children = (
				6BCE24DD1F8E38A400A1AA04 /* Base */,
			);
			name = Main.storyboard;
			sourceTree = "<group>";
		};
		6BCE24E11F8E38A400A1AA04 /* LaunchScreen.storyboard */ = {
			isa = PBXVariantGroup;
			children = (
				6BCE24E21F8E38A400A1AA04 /* Base */,
			);
			name = LaunchScreen.storyboard;
			sourceTree = "<group>";
		};
/* End PBXVariantGroup section */

/* Begin XCBuildConfiguration section */
		6BCE24E51F8E38A400A1AA04 /* Debug */ = {
			isa = XCBuildConfiguration;
			buildSettings = {
				ALWAYS_SEARCH_USER_PATHS = NO;
				CLANG_ANALYZER_NONNULL = YES;
				CLANG_ANALYZER_NUMBER_OBJECT_CONVERSION = YES_AGGRESSIVE;
				CLANG_CXX_LANGUAGE_STANDARD = "gnu++0x";
				CLANG_CXX_LIBRARY = "libc++";
				CLANG_ENABLE_MODULES = YES;
				CLANG_ENABLE_OBJC_ARC = YES;
				CLANG_WARN_BOOL_CONVERSION = YES;
				CLANG_WARN_CONSTANT_CONVERSION = YES;
				CLANG_WARN_DIRECT_OBJC_ISA_USAGE = YES_ERROR;
				CLANG_WARN_DOCUMENTATION_COMMENTS = YES;
				CLANG_WARN_EMPTY_BODY = YES;
				CLANG_WARN_ENUM_CONVERSION = YES;
				CLANG_WARN_INFINITE_RECURSION = YES;
				CLANG_WARN_INT_CONVERSION = YES;
				CLANG_WARN_OBJC_ROOT_CLASS = YES_ERROR;
				CLANG_WARN_SUSPICIOUS_MOVE = YES;
				CLANG_WARN_UNREACHABLE_CODE = YES;
				CLANG_WARN__DUPLICATE_METHOD_MATCH = YES;
				"CODE_SIGN_IDENTITY[sdk=iphoneos*]" = "iPhone Developer";
				COPY_PHASE_STRIP = NO;
				DEBUG_INFORMATION_FORMAT = dwarf;
				ENABLE_STRICT_OBJC_MSGSEND = YES;
				ENABLE_TESTABILITY = YES;
				GCC_C_LANGUAGE_STANDARD = gnu99;
				GCC_DYNAMIC_NO_PIC = NO;
				GCC_NO_COMMON_BLOCKS = YES;
				GCC_OPTIMIZATION_LEVEL = 0;
				GCC_PREPROCESSOR_DEFINITIONS = (
					"DEBUG=1",
					"$(inherited)",
				);
				GCC_WARN_64_TO_32_BIT_CONVERSION = YES;
				GCC_WARN_ABOUT_RETURN_TYPE = YES_ERROR;
				GCC_WARN_UNDECLARED_SELECTOR = YES;
				GCC_WARN_UNINITIALIZED_AUTOS = YES_AGGRESSIVE;
				GCC_WARN_UNUSED_FUNCTION = YES;
				GCC_WARN_UNUSED_VARIABLE = YES;
				IPHONEOS_DEPLOYMENT_TARGET = 10.3;
				MTL_ENABLE_DEBUG_INFO = YES;
				ONLY_ACTIVE_ARCH = YES;
				SDKROOT = iphoneos;
				TARGETED_DEVICE_FAMILY = "1,2";
			};
			name = Debug;
		};
		6BCE24E61F8E38A400A1AA04 /* Release */ = {
			isa = XCBuildConfiguration;
			buildSettings = {
				ALWAYS_SEARCH_USER_PATHS = NO;
				CLANG_ANALYZER_NONNULL = YES;
				CLANG_ANALYZER_NUMBER_OBJECT_CONVERSION = YES_AGGRESSIVE;
				CLANG_CXX_LANGUAGE_STANDARD = "gnu++0x";
				CLANG_CXX_LIBRARY = "libc++";
				CLANG_ENABLE_MODULES = YES;
				CLANG_ENABLE_OBJC_ARC = YES;
				CLANG_WARN_BOOL_CONVERSION = YES;
				CLANG_WARN_CONSTANT_CONVERSION = YES;
				CLANG_WARN_DIRECT_OBJC_ISA_USAGE = YES_ERROR;
				CLANG_WARN_DOCUMENTATION_COMMENTS = YES;
				CLANG_WARN_EMPTY_BODY = YES;
				CLANG_WARN_ENUM_CONVERSION = YES;
				CLANG_WARN_INFINITE_RECURSION = YES;
				CLANG_WARN_INT_CONVERSION = YES;
				CLANG_WARN_OBJC_ROOT_CLASS = YES_ERROR;
				CLANG_WARN_SUSPICIOUS_MOVE = YES;
				CLANG_WARN_UNREACHABLE_CODE = YES;
				CLANG_WARN__DUPLICATE_METHOD_MATCH = YES;
				"CODE_SIGN_IDENTITY[sdk=iphoneos*]" = "iPhone Developer";
				COPY_PHASE_STRIP = NO;
				DEBUG_INFORMATION_FORMAT = "dwarf-with-dsym";
				ENABLE_NS_ASSERTIONS = NO;
				ENABLE_STRICT_OBJC_MSGSEND = YES;
				GCC_C_LANGUAGE_STANDARD = gnu99;
				GCC_NO_COMMON_BLOCKS = YES;
				GCC_WARN_64_TO_32_BIT_CONVERSION = YES;
				GCC_WARN_ABOUT_RETURN_TYPE = YES_ERROR;
				GCC_WARN_UNDECLARED_SELECTOR = YES;
				GCC_WARN_UNINITIALIZED_AUTOS = YES_AGGRESSIVE;
				GCC_WARN_UNUSED_FUNCTION = YES;
				GCC_WARN_UNUSED_VARIABLE = YES;
				IPHONEOS_DEPLOYMENT_TARGET = 10.3;
				MTL_ENABLE_DEBUG_INFO = NO;
				SDKROOT = iphoneos;
				TARGETED_DEVICE_FAMILY = "1,2";
				VALIDATE_PRODUCT = YES;
			};
			name = Release;
		};
		6BCE24E81F8E38A400A1AA04 /* Debug */ = {
			isa = XCBuildConfiguration;
			buildSettings = {
				ASSETCATALOG_COMPILER_APPICON_NAME = AppIcon;
				INFOPLIST_FILE = myPractice/Info.plist;
				LD_RUNPATH_SEARCH_PATHS = "$(inherited) @executable_path/Frameworks";
				PRODUCT_BUNDLE_IDENTIFIER = lee.myPractice;
				PRODUCT_NAME = "$(TARGET_NAME)";
				TARGETED_DEVICE_FAMILY = 1;
			};
			name = Debug;
		};
		6BCE24E91F8E38A400A1AA04 /* Release */ = {
			isa = XCBuildConfiguration;
			buildSettings = {
				ASSETCATALOG_COMPILER_APPICON_NAME = AppIcon;
				INFOPLIST_FILE = myPractice/Info.plist;
				LD_RUNPATH_SEARCH_PATHS = "$(inherited) @executable_path/Frameworks";
				PRODUCT_BUNDLE_IDENTIFIER = lee.myPractice;
				PRODUCT_NAME = "$(TARGET_NAME)";
				TARGETED_DEVICE_FAMILY = 1;
			};
			name = Release;
		};
/* End XCBuildConfiguration section */

/* Begin XCConfigurationList section */
		6BCE24CB1F8E38A400A1AA04 /* Build configuration list for PBXProject "myPractice" */ = {
			isa = XCConfigurationList;
			buildConfigurations = (
				6BCE24E51F8E38A400A1AA04 /* Debug */,
				6BCE24E61F8E38A400A1AA04 /* Release */,
			);
			defaultConfigurationIsVisible = 0;
			defaultConfigurationName = Release;
		};
		6BCE24E71F8E38A400A1AA04 /* Build configuration list for PBXNativeTarget "myPractice" */ = {
			isa = XCConfigurationList;
			buildConfigurations = (
				6BCE24E81F8E38A400A1AA04 /* Debug */,
				6BCE24E91F8E38A400A1AA04 /* Release */,
			);
			defaultConfigurationIsVisible = 0;
			defaultConfigurationName = Release;
		};
/* End XCConfigurationList section */
	};
	rootObject = 6BCE24C81F8E38A400A1AA04 /* Project object */;
}
