// !$*UTF8*$!
{
	archiveVersion = 1;
	classes = {
	};
	objectVersion = 46;
	objects = {

/* Begin PBXBuildFile section */
		6B6BA7351F8F60E6002087D8 /* TabBarVC.m in Sources */ = {isa = PBXBuildFile; fileRef = 6B6BA7341F8F60E6002087D8 /* TabBarVC.m */; };
		6B98E4641F8F6D2F00688168 /* ScrollViewVC.m in Sources */ = {isa = PBXBuildFile; fileRef = 6B98E4631F8F6D2F00688168 /* ScrollViewVC.m */; };
		6BCE24D51F8E38A400A1AA04 /* main.m in Sources */ = {isa = PBXBuildFile; fileRef = 6BCE24D41F8E38A400A1AA04 /* main.m */; };
		6BCE24D81F8E38A400A1AA04 /* AppDelegate.m in Sources */ = {isa = PBXBuildFile; fileRef = 6BCE24D71F8E38A400A1AA04 /* AppDelegate.m */; };
		6BCE24DE1F8E38A400A1AA04 /* Main.storyboard in Resources */ = {isa = PBXBuildFile; fileRef = 6BCE24DC1F8E38A400A1AA04 /* Main.storyboard */; };
		6BCE24E01F8E38A400A1AA04 /* Assets.xcassets in Resources */ = {isa = PBXBuildFile; fileRef = 6BCE24DF1F8E38A400A1AA04 /* Assets.xcassets */; };
		6BCE24E31F8E38A400A1AA04 /* LaunchScreen.storyboard in Resources */ = {isa = PBXBuildFile; fileRef = 6BCE24E11F8E38A400A1AA04 /* LaunchScreen.storyboard */; };
		6BCE24ED1F8E3BDF00A1AA04 /* MainVC.m in Sources */ = {isa = PBXBuildFile; fileRef = 6BCE24EC1F8E3BDF00A1AA04 /* MainVC.m */; };
		6BCE24F01F8E485600A1AA04 /* TableViewVC.m in Sources */ = {isa = PBXBuildFile; fileRef = 6BCE24EF1F8E485600A1AA04 /* TableViewVC.m */; };
		6BCE24F71F8E490300A1AA04 /* blizzard.png in Resources */ = {isa = PBXBuildFile; fileRef = 6BCE24F21F8E490300A1AA04 /* blizzard.png */; };
		6BCE24F81F8E490300A1AA04 /* cloudy.png in Resources */ = {isa = PBXBuildFile; fileRef = 6BCE24F31F8E490300A1AA04 /* cloudy.png */; };
		6BCE24F91F8E490300A1AA04 /* rainy.png in Resources */ = {isa = PBXBuildFile; fileRef = 6BCE24F41F8E490300A1AA04 /* rainy.png */; };
		6BCE24FA1F8E490300A1AA04 /* snow.png in Resources */ = {isa = PBXBuildFile; fileRef = 6BCE24F51F8E490300A1AA04 /* snow.png */; };
		6BCE24FB1F8E490300A1AA04 /* sunny.png in Resources */ = {isa = PBXBuildFile; fileRef = 6BCE24F61F8E490300A1AA04 /* sunny.png */; };
		6BCE25001F8EFE9200A1AA04 /* CustomTableViewVC.m in Sources */ = {isa = PBXBuildFile; fileRef = 6BCE24FF1F8EFE9200A1AA04 /* CustomTableViewVC.m */; };
		6BCE25031F8F00EF00A1AA04 /* DetailVC.m in Sources */ = {isa = PBXBuildFile; fileRef = 6BCE25021F8F00EF00A1AA04 /* DetailVC.m */; };
		6BCE25131F8F015A00A1AA04 /* apple.jpeg in Resources */ = {isa = PBXBuildFile; fileRef = 6BCE25051F8F015A00A1AA04 /* apple.jpeg */; };
		6BCE25141F8F015A00A1AA04 /* background.jpg in Resources */ = {isa = PBXBuildFile; fileRef = 6BCE25061F8F015A00A1AA04 /* background.jpg */; };
		6BCE25151F8F015A00A1AA04 /* blueberry.jpg in Resources */ = {isa = PBXBuildFile; fileRef = 6BCE25071F8F015A00A1AA04 /* blueberry.jpg */; };
		6BCE25161F8F015A00A1AA04 /* carrot.jpg in Resources */ = {isa = PBXBuildFile; fileRef = 6BCE25081F8F015A00A1AA04 /* carrot.jpg */; };
		6BCE25171F8F015A00A1AA04 /* cherry.png in Resources */ = {isa = PBXBuildFile; fileRef = 6BCE25091F8F015A00A1AA04 /* cherry.png */; };
		6BCE25181F8F015A00A1AA04 /* grape.jpg in Resources */ = {isa = PBXBuildFile; fileRef = 6BCE250A1F8F015A00A1AA04 /* grape.jpg */; };
		6BCE25191F8F015A00A1AA04 /* kiwi.png in Resources */ = {isa = PBXBuildFile; fileRef = 6BCE250B1F8F015A00A1AA04 /* kiwi.png */; };
		6BCE251A1F8F015A00A1AA04 /* lemon.png in Resources */ = {isa = PBXBuildFile; fileRef = 6BCE250C1F8F015A00A1AA04 /* lemon.png */; };
		6BCE251B1F8F015A00A1AA04 /* lime.jpg in Resources */ = {isa = PBXBuildFile; fileRef = 6BCE250D1F8F015A00A1AA04 /* lime.jpg */; };
		6BCE251C1F8F015A00A1AA04 /* meat.jpg in Resources */ = {isa = PBXBuildFile; fileRef = 6BCE250E1F8F015A00A1AA04 /* meat.jpg */; };
		6BCE251D1F8F015A00A1AA04 /* strawberry.jpg in Resources */ = {isa = PBXBuildFile; fileRef = 6BCE250F1F8F015A00A1AA04 /* strawberry.jpg */; };
		6BCE251E1F8F015A00A1AA04 /* tomato.png in Resources */ = {isa = PBXBuildFile; fileRef = 6BCE25101F8F015A00A1AA04 /* tomato.png */; };
		6BCE251F1F8F015A00A1AA04 /* vegetable.jpg in Resources */ = {isa = PBXBuildFile; fileRef = 6BCE25111F8F015A00A1AA04 /* vegetable.jpg */; };
		6BCE25201F8F015A00A1AA04 /* watermelon.png in Resources */ = {isa = PBXBuildFile; fileRef = 6BCE25121F8F015A00A1AA04 /* watermelon.png */; };
		6BCE25231F8F025B00A1AA04 /* CustomTableViewCell.m in Sources */ = {isa = PBXBuildFile; fileRef = 6BCE25221F8F025B00A1AA04 /* CustomTableViewCell.m */; };
/* End PBXBuildFile section */

/* Begin PBXFileReference section */
		6B6BA7331F8F60E6002087D8 /* TabBarVC.h */ = {isa = PBXFileReference; fileEncoding = 4; lastKnownFileType = sourcecode.c.h; path = TabBarVC.h; sourceTree = "<group>"; };
		6B6BA7341F8F60E6002087D8 /* TabBarVC.m */ = {isa = PBXFileReference; fileEncoding = 4; lastKnownFileType = sourcecode.c.objc; path = TabBarVC.m; sourceTree = "<group>"; };
		6B98E4621F8F6D2F00688168 /* ScrollViewVC.h */ = {isa = PBXFileReference; fileEncoding = 4; lastKnownFileType = sourcecode.c.h; path = ScrollViewVC.h; sourceTree = "<group>"; };
		6B98E4631F8F6D2F00688168 /* ScrollViewVC.m */ = {isa = PBXFileReference; fileEncoding = 4; lastKnownFileType = sourcecode.c.objc; path = ScrollViewVC.m; sourceTree = "<group>"; };
		6BCE24D01F8E38A400A1AA04 /* myPractice.app */ = {isa = PBXFileReference; explicitFileType = wrapper.application; includeInIndex = 0; path = myPractice.app; sourceTree = BUILT_PRODUCTS_DIR; };
		6BCE24D41F8E38A400A1AA04 /* main.m */ = {isa = PBXFileReference; lastKnownFileType = sourcecode.c.objc; path = main.m; sourceTree = "<group>"; };
		6BCE24D61F8E38A400A1AA04 /* AppDelegate.h */ = {isa = PBXFileReference; lastKnownFileType = sourcecode.c.h; path = AppDelegate.h; sourceTree = "<group>"; };
		6BCE24D71F8E38A400A1AA04 /* AppDelegate.m */ = {isa = PBXFileReference; lastKnownFileType = sourcecode.c.objc; path = AppDelegate.m; sourceTree = "<group>"; };
		6BCE24DD1F8E38A400A1AA04 /* Base */ = {isa = PBXFileReference; lastKnownFileType = file.storyboard; name = Base; path = Base.lproj/Main.storyboard; sourceTree = "<group>"; };
		6BCE24DF1F8E38A400A1AA04 /* Assets.xcassets */ = {isa = PBXFileReference; lastKnownFileType = folder.assetcatalog; path = Assets.xcassets; sourceTree = "<group>"; };
		6BCE24E21F8E38A400A1AA04 /* Base */ = {isa = PBXFileReference; lastKnownFileType = file.storyboard; name = Base; path = Base.lproj/LaunchScreen.storyboard; sourceTree = "<group>"; };
		6BCE24E41F8E38A400A1AA04 /* Info.plist */ = {isa = PBXFileReference; lastKnownFileType = text.plist.xml; path = Info.plist; sourceTree = "<group>"; };
		6BCE24EB1F8E3BDF00A1AA04 /* MainVC.h */ = {isa = PBXFileReference; fileEncoding = 4; lastKnownFileType = sourcecode.c.h; path = MainVC.h; sourceTree = "<group>"; };
		6BCE24EC1F8E3BDF00A1AA04 /* MainVC.m */ = {isa = PBXFileReference; fileEncoding = 4; lastKnownFileType = sourcecode.c.objc; path = MainVC.m; sourceTree = "<group>"; };
		6BCE24EE1F8E485600A1AA04 /* TableViewVC.h */ = {isa = PBXFileReference; fileEncoding = 4; lastKnownFileType = sourcecode.c.h; path = TableViewVC.h; sourceTree = "<group>"; };
		6BCE24EF1F8E485600A1AA04 /* TableViewVC.m */ = {isa = PBXFileReference; fileEncoding = 4; lastKnownFileType = sourcecode.c.objc; path = TableViewVC.m; sourceTree = "<group>"; };
		6BCE24F21F8E490300A1AA04 /* blizzard.png */ = {isa = PBXFileReference; lastKnownFileType = image.png; path = blizzard.png; sourceTree = "<group>"; };
		6BCE24F31F8E490300A1AA04 /* cloudy.png */ = {isa = PBXFileReference; lastKnownFileType = image.png; path = cloudy.png; sourceTree = "<group>"; };
		6BCE24F41F8E490300A1AA04 /* rainy.png */ = {isa = PBXFileReference; lastKnownFileType = image.png; path = rainy.png; sourceTree = "<group>"; };
		6BCE24F51F8E490300A1AA04 /* snow.png */ = {isa = PBXFileReference; lastKnownFileType = image.png; path = snow.png; sourceTree = "<group>"; };
		6BCE24F61F8E490300A1AA04 /* sunny.png */ = {isa = PBXFileReference; lastKnownFileType = image.png; path = sunny.png; sourceTree = "<group>"; };
		6BCE24FE1F8EFE9200A1AA04 /* CustomTableViewVC.h */ = {isa = PBXFileReference; fileEncoding = 4; lastKnownFileType = sourcecode.c.h; path = CustomTableViewVC.h; sourceTree = "<group>"; };
		6BCE24FF1F8EFE9200A1AA04 /* CustomTableViewVC.m */ = {isa = PBXFileReference; fileEncoding = 4; lastKnownFileType = sourcecode.c.objc; path = CustomTableViewVC.m; sourceTree = "<group>"; };
		6BCE25011F8F00EF00A1AA04 /* DetailVC.h */ = {isa = PBXFileReference; fileEncoding = 4; lastKnownFileType = sourcecode.c.h; path = DetailVC.h; sourceTree = "<group>"; };
		6BCE25021F8F00EF00A1AA04 /* DetailVC.m */ = {isa = PBXFileReference; fileEncoding = 4; lastKnownFileType = sourcecode.c.objc; path = DetailVC.m; sourceTree = "<group>"; };
		6BCE25051F8F015A00A1AA04 /* apple.jpeg */ = {isa = PBXFileReference; lastKnownFileType = image.jpeg; path = apple.jpeg; sourceTree = "<group>"; };
		6BCE25061F8F015A00A1AA04 /* background.jpg */ = {isa = PBXFileReference; lastKnownFileType = image.jpeg; path = background.jpg; sourceTree = "<group>"; };
		6BCE25071F8F015A00A1AA04 /* blueberry.jpg */ = {isa = PBXFileReference; lastKnownFileType = image.jpeg; path = blueberry.jpg; sourceTree = "<group>"; };
		6BCE25081F8F015A00A1AA04 /* carrot.jpg */ = {isa = PBXFileReference; lastKnownFileType = image.jpeg; path = carrot.jpg; sourceTree = "<group>"; };
		6BCE25091F8F015A00A1AA04 /* cherry.png */ = {isa = PBXFileReference; lastKnownFileType = image.png; path = cherry.png; sourceTree = "<group>"; };
		6BCE250A1F8F015A00A1AA04 /* grape.jpg */ = {isa = PBXFileReference; lastKnownFileType = image.jpeg; path = grape.jpg; sourceTree = "<group>"; };
		6BCE250B1F8F015A00A1AA04 /* kiwi.png */ = {isa = PBXFileReference; lastKnownFileType = image.png; path = kiwi.png; sourceTree = "<group>"; };
		6BCE250C1F8F015A00A1AA04 /* lemon.png */ = {isa = PBXFileReference; lastKnownFileType = image.png; path = lemon.png; sourceTree = "<group>"; };
		6BCE250D1F8F015A00A1AA04 /* lime.jpg */ = {isa = PBXFileReference; lastKnownFileType = image.jpeg; path = lime.jpg; sourceTree = "<group>"; };
		6BCE250E1F8F015A00A1AA04 /* meat.jpg */ = {isa = PBXFileReference; lastKnownFileType = image.jpeg; path = meat.jpg; sourceTree = "<group>"; };
		6BCE250F1F8F015A00A1AA04 /* strawberry.jpg */ = {isa = PBXFileReference; lastKnownFileType = image.jpeg; path = strawberry.jpg; sourceTree = "<group>"; };
		6BCE25101F8F015A00A1AA04 /* tomato.png */ = {isa = PBXFileReference; lastKnownFileType = image.png; path = tomato.png; sourceTree = "<group>"; };
		6BCE25111F8F015A00A1AA04 /* vegetable.jpg */ = {isa = PBXFileReference; lastKnownFileType = image.jpeg; path = vegetable.jpg; sourceTree = "<group>"; };
		6BCE25121F8F015A00A1AA04 /* watermelon.png */ = {isa = PBXFileReference; lastKnownFileType = image.png; path = watermelon.png; sourceTree = "<group>"; };
		6BCE25211F8F025B00A1AA04 /* CustomTableViewCell.h */ = {isa = PBXFileReference; fileEncoding = 4; lastKnownFileType = sourcecode.c.h; path = CustomTableViewCell.h; sourceTree = "<group>"; };
		6BCE25221F8F025B00A1AA04 /* CustomTableViewCell.m */ = {isa = PBXFileReference; fileEncoding = 4; lastKnownFileType = sourcecode.c.objc; path = CustomTableViewCell.m; sourceTree = "<group>"; };
/* End PBXFileReference section */

/* Begin PBXFrameworksBuildPhase section */
		6BCE24CD1F8E38A400A1AA04 /* Frameworks */ = {
			isa = PBXFrameworksBuildPhase;
			buildActionMask = 2147483647;
			files = (
			);
			runOnlyForDeploymentPostprocessing = 0;
		};
/* End PBXFrameworksBuildPhase section */

/* Begin PBXGroup section */
		6B6BA7361F8F60EB002087D8 /* TabBar */ = {
			isa = PBXGroup;
			children = (
				6B6BA7331F8F60E6002087D8 /* TabBarVC.h */,
				6B6BA7341F8F60E6002087D8 /* TabBarVC.m */,
			);
			name = TabBar;
			sourceTree = "<group>";
		};
		6B98E4611F8F6CD400688168 /* ScrollView */ = {
			isa = PBXGroup;
			children = (
				6B98E4621F8F6D2F00688168 /* ScrollViewVC.h */,
				6B98E4631F8F6D2F00688168 /* ScrollViewVC.m */,
			);
			name = ScrollView;
			sourceTree = "<group>";
		};
		6BCE24C71F8E38A400A1AA04 = {
			isa = PBXGroup;
			children = (
				6BCE24D21F8E38A400A1AA04 /* myPractice */,
				6BCE24D11F8E38A400A1AA04 /* Products */,
			);
			sourceTree = "<group>";
		};
		6BCE24D11F8E38A400A1AA04 /* Products */ = {
			isa = PBXGroup;
			children = (
				6BCE24D01F8E38A400A1AA04 /* myPractice.app */,
			);
			name = Products;
			sourceTree = "<group>";
		};
		6BCE24D21F8E38A400A1AA04 /* myPractice */ = {
			isa = PBXGroup;
			children = (
				6BCE24EB1F8E3BDF00A1AA04 /* MainVC.h */,
				6BCE24EC1F8E3BDF00A1AA04 /* MainVC.m */,
				6BCE24D61F8E38A400A1AA04 /* AppDelegate.h */,
				6BCE24D71F8E38A400A1AA04 /* AppDelegate.m */,
				6BCE24DC1F8E38A400A1AA04 /* Main.storyboard */,
				6BCE24E11F8E38A400A1AA04 /* LaunchScreen.storyboard */,
				6BCE24DF1F8E38A400A1AA04 /* Assets.xcassets */,
				6BCE24E41F8E38A400A1AA04 /* Info.plist */,
				6BCE24EA1F8E3BB800A1AA04 /* tableVIew */,
				6BCE24FD1F8EFE4E00A1AA04 /* customTableView */,
				6B6BA7361F8F60EB002087D8 /* TabBar */,
				6B98E4611F8F6CD400688168 /* ScrollView */,
				6BCE24D31F8E38A400A1AA04 /* Supporting Files */,
			);
			path = myPractice;
			sourceTree = "<group>";
		};
		6BCE24D31F8E38A400A1AA04 /* Supporting Files */ = {
			isa = PBXGroup;
			children = (
				6BCE24D41F8E38A400A1AA04 /* main.m */,
			);
			name = "Supporting Files";
			sourceTree = "<group>";
		};
		6BCE24EA1F8E3BB800A1AA04 /* tableVIew */ = {
			isa = PBXGroup;
			children = (
				6BCE24F11F8E48D200A1AA04 /* resources */,
				6BCE24EE1F8E485600A1AA04 /* TableViewVC.h */,
				6BCE24EF1F8E485600A1AA04 /* TableViewVC.m */,
			);
			name = tableVIew;
			sourceTree = "<group>";
		};
		6BCE24F11F8E48D200A1AA04 /* resources */ = {
			isa = PBXGroup;
			children = (
				6BCE24F21F8E490300A1AA04 /* blizzard.png */,
				6BCE24F31F8E490300A1AA04 /* cloudy.png */,
				6BCE24F41F8E490300A1AA04 /* rainy.png */,
				6BCE24F51F8E490300A1AA04 /* snow.png */,
				6BCE24F61F8E490300A1AA04 /* sunny.png */,
			);
			name = resources;
			sourceTree = "<group>";
		};
		6BCE24FD1F8EFE4E00A1AA04 /* customTableView */ = {
			isa = PBXGroup;
			children = (
				6BCE25041F8F012400A1AA04 /* resources */,
				6BCE24FE1F8EFE9200A1AA04 /* CustomTableViewVC.h */,
				6BCE24FF1F8EFE9200A1AA04 /* CustomTableViewVC.m */,
				6BCE25011F8F00EF00A1AA04 /* DetailVC.h */,
				6BCE25021F8F00EF00A1AA04 /* DetailVC.m */,
				6BCE25211F8F025B00A1AA04 /* CustomTableViewCell.h */,
				6BCE25221F8F025B00A1AA04 /* CustomTableViewCell.m */,
			);
			name = customTableView;
			sourceTree = "<group>";
		};
		6BCE25041F8F012400A1AA04 /* resources */ = {
			isa = PBXGroup;
			children = (
				6BCE25051F8F015A00A1AA04 /* apple.jpeg */,
				6BCE25061F8F015A00A1AA04 /* background.jpg */,
				6BCE25071F8F015A00A1AA04 /* blueberry.jpg */,
				6BCE25081F8F015A00A1AA04 /* carrot.jpg */,
				6BCE25091F8F015A00A1AA04 /* cherry.png */,
				6BCE250A1F8F015A00A1AA04 /* grape.jpg */,
				6BCE250B1F8F015A00A1AA04 /* kiwi.png */,
				6BCE250C1F8F015A00A1AA04 /* lemon.png */,
				6BCE250D1F8F015A00A1AA04 /* lime.jpg */,
				6BCE250E1F8F015A00A1AA04 /* meat.jpg */,
				6BCE250F1F8F015A00A1AA04 /* strawberry.jpg */,
				6BCE25101F8F015A00A1AA04 /* tomato.png */,
				6BCE25111F8F015A00A1AA04 /* vegetable.jpg */,
				6BCE25121F8F015A00A1AA04 /* watermelon.png */,
			);
			name = resources;
			sourceTree = "<group>";
		};
/* End PBXGroup section */

/* Begin PBXNativeTarget section */
		6BCE24CF1F8E38A400A1AA04 /* myPractice */ = {
			isa = PBXNativeTarget;
			buildConfigurationList = 6BCE24E71F8E38A400A1AA04 /* Build configuration list for PBXNativeTarget "myPractice" */;
			buildPhases = (
				6BCE24CC1F8E38A400A1AA04 /* Sources */,
				6BCE24CD1F8E38A400A1AA04 /* Frameworks */,
				6BCE24CE1F8E38A400A1AA04 /* Resources */,
			);
			buildRules = (
			);
			dependencies = (
			);
			name = myPractice;
			productName = myPractice;
			productReference = 6BCE24D01F8E38A400A1AA04 /* myPractice.app */;
			productType = "com.apple.product-type.application";
		};
/* End PBXNativeTarget section */

/* Begin PBXProject section */
		6BCE24C81F8E38A400A1AA04 /* Project object */ = {
			isa = PBXProject;
			attributes = {
				LastUpgradeCheck = 0830;
				ORGANIZATIONNAME = "이재홍";
				TargetAttributes = {
					6BCE24CF1F8E38A400A1AA04 = {
						CreatedOnToolsVersion = 8.3.3;
						ProvisioningStyle = Automatic;
					};
				};
			};
			buildConfigurationList = 6BCE24CB1F8E38A400A1AA04 /* Build configuration list for PBXProject "myPractice" */;
			compatibilityVersion = "Xcode 3.2";
			developmentRegion = English;
			hasScannedForEncodings = 0;
			knownRegions = (
				en,
				Base,
			);
			mainGroup = 6BCE24C71F8E38A400A1AA04;
			productRefGroup = 6BCE24D11F8E38A400A1AA04 /* Products */;
			projectDirPath = "";
			projectRoot = "";
			targets = (
				6BCE24CF1F8E38A400A1AA04 /* myPractice */,
			);
		};
/* End PBXProject section */

/* Begin PBXResourcesBuildPhase section */
		6BCE24CE1F8E38A400A1AA04 /* Resources */ = {
			isa = PBXResourcesBuildPhase;
			buildActionMask = 2147483647;
			files = (
				6BCE24E31F8E38A400A1AA04 /* LaunchScreen.storyboard in Resources */,
				6BCE25141F8F015A00A1AA04 /* background.jpg in Resources */,
				6BCE251B1F8F015A00A1AA04 /* lime.jpg in Resources */,
				6BCE24FB1F8E490300A1AA04 /* sunny.png in Resources */,
				6BCE251C1F8F015A00A1AA04 /* meat.jpg in Resources */,
				6BCE251E1F8F015A00A1AA04 /* tomato.png in Resources */,
				6BCE24F91F8E490300A1AA04 /* rainy.png in Resources */,
				6BCE25161F8F015A00A1AA04 /* carrot.jpg in Resources */,
				6BCE25151F8F015A00A1AA04 /* blueberry.jpg in Resources */,
				6BCE24F71F8E490300A1AA04 /* blizzard.png in Resources */,
				6BCE251F1F8F015A00A1AA04 /* vegetable.jpg in Resources */,
				6BCE251D1F8F015A00A1AA04 /* strawberry.jpg in Resources */,
				6BCE251A1F8F015A00A1AA04 /* lemon.png in Resources */,
				6BCE25131F8F015A00A1AA04 /* apple.jpeg in Resources */,
				6BCE25171F8F015A00A1AA04 /* cherry.png in Resources */,
				6BCE24E01F8E38A400A1AA04 /* Assets.xcassets in Resources */,
				6BCE24F81F8E490300A1AA04 /* cloudy.png in Resources */,
				6BCE25191F8F015A00A1AA04 /* kiwi.png in Resources */,
				6BCE25181F8F015A00A1AA04 /* grape.jpg in Resources */,
				6BCE25201F8F015A00A1AA04 /* watermelon.png in Resources */,
				6BCE24FA1F8E490300A1AA04 /* snow.png in Resources */,
				6BCE24DE1F8E38A400A1AA04 /* Main.storyboard in Resources */,
			);
			runOnlyForDeploymentPostprocessing = 0;
		};
/* End PBXResourcesBuildPhase section */

/* Begin PBXSourcesBuildPhase section */
		6BCE24CC1F8E38A400A1AA04 /* Sources */ = {
			isa = PBXSourcesBuildPhase;
			buildActionMask = 2147483647;
			files = (
				6BCE24F01F8E485600A1AA04 /* TableViewVC.m in Sources */,
				6BCE25231F8F025B00A1AA04 /* CustomTableViewCell.m in Sources */,
				6B6BA7351F8F60E6002087D8 /* TabBarVC.m in Sources */,
				6BCE24ED1F8E3BDF00A1AA04 /* MainVC.m in Sources */,
				6B98E4641F8F6D2F00688168 /* ScrollViewVC.m in Sources */,
				6BCE25001F8EFE9200A1AA04 /* CustomTableViewVC.m in Sources */,
				6BCE25031F8F00EF00A1AA04 /* DetailVC.m in Sources */,
				6BCE24D81F8E38A400A1AA04 /* AppDelegate.m in Sources */,
				6BCE24D51F8E38A400A1AA04 /* main.m in Sources */,
			);
			runOnlyForDeploymentPostprocessing = 0;
		};
/* End PBXSourcesBuildPhase section */

/* Begin PBXVariantGroup section */
		6BCE24DC1F8E38A400A1AA04 /* Main.storyboard */ = {
			isa = PBXVariantGroup;
			children = (
				6BCE24DD1F8E38A400A1AA04 /* Base */,
			);
			name = Main.storyboard;
			sourceTree = "<group>";
		};
		6BCE24E11F8E38A400A1AA04 /* LaunchScreen.storyboard */ = {
			isa = PBXVariantGroup;
			children = (
				6BCE24E21F8E38A400A1AA04 /* Base */,
			);
			name = LaunchScreen.storyboard;
			sourceTree = "<group>";
		};
/* End PBXVariantGroup section */

/* Begin XCBuildConfiguration section */
		6BCE24E51F8E38A400A1AA04 /* Debug */ = {
			isa = XCBuildConfiguration;
			buildSettings = {
				ALWAYS_SEARCH_USER_PATHS = NO;
				CLANG_ANALYZER_NONNULL = YES;
				CLANG_ANALYZER_NUMBER_OBJECT_CONVERSION = YES_AGGRESSIVE;
				CLANG_CXX_LANGUAGE_STANDARD = "gnu++0x";
				CLANG_CXX_LIBRARY = "libc++";
				CLANG_ENABLE_MODULES = YES;
				CLANG_ENABLE_OBJC_ARC = YES;
				CLANG_WARN_BOOL_CONVERSION = YES;
				CLANG_WARN_CONSTANT_CONVERSION = YES;
				CLANG_WARN_DIRECT_OBJC_ISA_USAGE = YES_ERROR;
				CLANG_WARN_DOCUMENTATION_COMMENTS = YES;
				CLANG_WARN_EMPTY_BODY = YES;
				CLANG_WARN_ENUM_CONVERSION = YES;
				CLANG_WARN_INFINITE_RECURSION = YES;
				CLANG_WARN_INT_CONVERSION = YES;
				CLANG_WARN_OBJC_ROOT_CLASS = YES_ERROR;
				CLANG_WARN_SUSPICIOUS_MOVE = YES;
				CLANG_WARN_UNREACHABLE_CODE = YES;
				CLANG_WARN__DUPLICATE_METHOD_MATCH = YES;
				"CODE_SIGN_IDENTITY[sdk=iphoneos*]" = "iPhone Developer";
				COPY_PHASE_STRIP = NO;
				DEBUG_INFORMATION_FORMAT = dwarf;
				ENABLE_STRICT_OBJC_MSGSEND = YES;
				ENABLE_TESTABILITY = YES;
				GCC_C_LANGUAGE_STANDARD = gnu99;
				GCC_DYNAMIC_NO_PIC = NO;
				GCC_NO_COMMON_BLOCKS = YES;
				GCC_OPTIMIZATION_LEVEL = 0;
				GCC_PREPROCESSOR_DEFINITIONS = (
					"DEBUG=1",
					"$(inherited)",
				);
				GCC_WARN_64_TO_32_BIT_CONVERSION = YES;
				GCC_WARN_ABOUT_RETURN_TYPE = YES_ERROR;
				GCC_WARN_UNDECLARED_SELECTOR = YES;
				GCC_WARN_UNINITIALIZED_AUTOS = YES_AGGRESSIVE;
				GCC_WARN_UNUSED_FUNCTION = YES;
				GCC_WARN_UNUSED_VARIABLE = YES;
				IPHONEOS_DEPLOYMENT_TARGET = 10.3;
				MTL_ENABLE_DEBUG_INFO = YES;
				ONLY_ACTIVE_ARCH = YES;
				SDKROOT = iphoneos;
				TARGETED_DEVICE_FAMILY = "1,2";
			};
			name = Debug;
		};
		6BCE24E61F8E38A400A1AA04 /* Release */ = {
			isa = XCBuildConfiguration;
			buildSettings = {
				ALWAYS_SEARCH_USER_PATHS = NO;
				CLANG_ANALYZER_NONNULL = YES;
				CLANG_ANALYZER_NUMBER_OBJECT_CONVERSION = YES_AGGRESSIVE;
				CLANG_CXX_LANGUAGE_STANDARD = "gnu++0x";
				CLANG_CXX_LIBRARY = "libc++";
				CLANG_ENABLE_MODULES = YES;
				CLANG_ENABLE_OBJC_ARC = YES;
				CLANG_WARN_BOOL_CONVERSION = YES;
				CLANG_WARN_CONSTANT_CONVERSION = YES;
				CLANG_WARN_DIRECT_OBJC_ISA_USAGE = YES_ERROR;
				CLANG_WARN_DOCUMENTATION_COMMENTS = YES;
				CLANG_WARN_EMPTY_BODY = YES;
				CLANG_WARN_ENUM_CONVERSION = YES;
				CLANG_WARN_INFINITE_RECURSION = YES;
				CLANG_WARN_INT_CONVERSION = YES;
				CLANG_WARN_OBJC_ROOT_CLASS = YES_ERROR;
				CLANG_WARN_SUSPICIOUS_MOVE = YES;
				CLANG_WARN_UNREACHABLE_CODE = YES;
				CLANG_WARN__DUPLICATE_METHOD_MATCH = YES;
				"CODE_SIGN_IDENTITY[sdk=iphoneos*]" = "iPhone Developer";
				COPY_PHASE_STRIP = NO;
				DEBUG_INFORMATION_FORMAT = "dwarf-with-dsym";
				ENABLE_NS_ASSERTIONS = NO;
				ENABLE_STRICT_OBJC_MSGSEND = YES;
				GCC_C_LANGUAGE_STANDARD = gnu99;
				GCC_NO_COMMON_BLOCKS = YES;
				GCC_WARN_64_TO_32_BIT_CONVERSION = YES;
				GCC_WARN_ABOUT_RETURN_TYPE = YES_ERROR;
				GCC_WARN_UNDECLARED_SELECTOR = YES;
				GCC_WARN_UNINITIALIZED_AUTOS = YES_AGGRESSIVE;
				GCC_WARN_UNUSED_FUNCTION = YES;
				GCC_WARN_UNUSED_VARIABLE = YES;
				IPHONEOS_DEPLOYMENT_TARGET = 10.3;
				MTL_ENABLE_DEBUG_INFO = NO;
				SDKROOT = iphoneos;
				TARGETED_DEVICE_FAMILY = "1,2";
				VALIDATE_PRODUCT = YES;
			};
			name = Release;
		};
		6BCE24E81F8E38A400A1AA04 /* Debug */ = {
			isa = XCBuildConfiguration;
			buildSettings = {
				ASSETCATALOG_COMPILER_APPICON_NAME = AppIcon;
				INFOPLIST_FILE = myPractice/Info.plist;
				LD_RUNPATH_SEARCH_PATHS = "$(inherited) @executable_path/Frameworks";
				PRODUCT_BUNDLE_IDENTIFIER = lee.myPractice;
				PRODUCT_NAME = "$(TARGET_NAME)";
				TARGETED_DEVICE_FAMILY = 1;
			};
			name = Debug;
		};
		6BCE24E91F8E38A400A1AA04 /* Release */ = {
			isa = XCBuildConfiguration;
			buildSettings = {
				ASSETCATALOG_COMPILER_APPICON_NAME = AppIcon;
				INFOPLIST_FILE = myPractice/Info.plist;
				LD_RUNPATH_SEARCH_PATHS = "$(inherited) @executable_path/Frameworks";
				PRODUCT_BUNDLE_IDENTIFIER = lee.myPractice;
				PRODUCT_NAME = "$(TARGET_NAME)";
				TARGETED_DEVICE_FAMILY = 1;
			};
			name = Release;
		};
/* End XCBuildConfiguration section */

/* Begin XCConfigurationList section */
		6BCE24CB1F8E38A400A1AA04 /* Build configuration list for PBXProject "myPractice" */ = {
			isa = XCConfigurationList;
			buildConfigurations = (
				6BCE24E51F8E38A400A1AA04 /* Debug */,
				6BCE24E61F8E38A400A1AA04 /* Release */,
			);
			defaultConfigurationIsVisible = 0;
			defaultConfigurationName = Release;
		};
		6BCE24E71F8E38A400A1AA04 /* Build configuration list for PBXNativeTarget "myPractice" */ = {
			isa = XCConfigurationList;
			buildConfigurations = (
				6BCE24E81F8E38A400A1AA04 /* Debug */,
				6BCE24E91F8E38A400A1AA04 /* Release */,
			);
			defaultConfigurationIsVisible = 0;
			defaultConfigurationName = Release;
		};
/* End XCConfigurationList section */
	};
	rootObject = 6BCE24C81F8E38A400A1AA04 /* Project object */;
}
